
Microsoft Visual Studio Solution File, Format Version 12.00
# Visual Studio Version 17
VisualStudioVersion = 17.6.33815.320
MinimumVisualStudioVersion = 10.0.40219.1
Project("{FAE04EC0-301F-11D3-BF4B-00C04F79EFBC}") = "WebAPI", "WebAPI\WebAPI.csproj", "{0A958360-4762-470F-A70B-4A3B811CC76A}"
EndProject
Global
	GlobalSection(SolutionConfigurationPlatforms) = preSolution
		Debug|Any CPU = Debug|Any CPU
		Release|Any CPU = Release|Any CPU
	EndGlobalSection
	GlobalSection(ProjectConfigurationPlatforms) = postSolution
		{0A958360-4762-470F-A70B-4A3B811CC76A}.Debug|Any CPU.ActiveCfg = Debug|Any CPU
		{0A958360-4762-470F-A70B-4A3B811CC76A}.Debug|Any CPU.Build.0 = Debug|Any CPU
		{0A958360-4762-470F-A70B-4A3B811CC76A}.Release|Any CPU.ActiveCfg = Release|Any CPU
		{0A958360-4762-470F-A70B-4A3B811CC76A}.Release|Any CPU.Build.0 = Release|Any CPU
	EndGlobalSection
	GlobalSection(SolutionProperties) = preSolution
		HideSolutionNode = FALSE
	EndGlobalSection
	GlobalSection(ExtensibilityGlobals) = postSolution
		SolutionGuid = {958C5E5A-7DD4-44BD-A168-219B16B632CF}
	EndGlobalSection
EndGlobal
